{
  "originHash" : "c0684923fac2c421413370afb58067cbbea07198da46e0ac7538303baf20b1d6",
  "pins" : [
    {
      "identity" : "albykit",
      "kind" : "remoteSourceControl",
      "location" : "https://github.com/SparrowTek/AlbyKit",
      "state" : {
        "branch" : "main",
        "revision" : "f9c326a95367fec094602ced2f1fbeac8f37bc77"
      }
    },
    {
      "identity" : "vault",
      "kind" : "remoteSourceControl",
      "location" : "https://github.com/SparrowTek/Vault",
      "state" : {
        "revision" : "25df48f62a5382c217cfe67f2a12e6efe8f60ec4",
        "version" : "1.2.0"
      }
    }
  ],
  "version" : 3
}
