{
  "originHash" : "34170359676ce51e559baaadd3fbca5e5a36fcc60acd04878102abb0b629ce4e",
  "pins" : [
    {
      "identity" : "albykit",
      "kind" : "remoteSourceControl",
      "location" : "https://github.com/SparrowTek/AlbyKit",
      "state" : {
        "branch" : "main",
        "revision" : "c26fb846dfe046520783e29eba92f5c325a42b96"
      }
    },
    {
      "identity" : "ldk-swift",
      "kind" : "remoteSourceControl",
      "location" : "https://github.com/lightningdevkit/ldk-swift",
      "state" : {
        "revision" : "e3fa435166527b1089787fd4ab0ce398849fb916",
        "version" : "0.0.123"
      }
    },
    {
      "identity" : "vault",
      "kind" : "remoteSourceControl",
      "location" : "https://github.com/SparrowTek/Vault",
      "state" : {
        "revision" : "25df48f62a5382c217cfe67f2a12e6efe8f60ec4",
        "version" : "1.2.0"
      }
    }
  ],
  "version" : 3
}
