{
  "originHash" : "4b3d65a362a2d26b917b2afdf0125b0d90897ef0fb4225bb67657323740ae460",
  "pins" : [
    {
      "identity" : "albykit",
      "kind" : "remoteSourceControl",
      "location" : "https://github.com/SparrowTek/AlbyKit",
      "state" : {
        "branch" : "main",
        "revision" : "26b80daec27826deb2fc08ba4193e297362b30c4"
      }
    },
    {
      "identity" : "vault",
      "kind" : "remoteSourceControl",
      "location" : "https://github.com/SparrowTek/Vault",
      "state" : {
        "revision" : "25df48f62a5382c217cfe67f2a12e6efe8f60ec4",
        "version" : "1.2.0"
      }
    }
  ],
  "version" : 3
}
