// !$*UTF8*$!
{
	archiveVersion = 1;
	classes = {
	};
	objectVersion = 71;
	objects = {

/* Begin PBXBuildFile section */
		6C590DC52D67DB6D00419205 /* NostrSDK in Frameworks */ = {isa = PBXBuildFile; productRef = 6C590DC42D67DB6D00419205 /* NostrSDK */; };
		6C63CDC62D7BDFEF001D6BE6 /* AlbyKit in Frameworks */ = {isa = PBXBuildFile; productRef = 6C63CDC52D7BDFEF001D6BE6 /* AlbyKit */; };
		6C73E5F82B3F0F3B0073C816 /* Vault in Frameworks */ = {isa = PBXBuildFile; productRef = 6C73E5F72B3F0F3B0073C816 /* Vault */; };
		6CECC8AA2C5C03E7000F688B /* LightningDevKit in Frameworks */ = {isa = PBXBuildFile; productRef = 6CECC8A92C5C03E7000F688B /* LightningDevKit */; };
		6CF5B9F62D68F64600BC6416 /* NostrSDK in Frameworks */ = {isa = PBXBuildFile; productRef = 6CF5B9F52D68F64600BC6416 /* NostrSDK */; };
/* End PBXBuildFile section */

/* Begin PBXFileReference section */
		6CDD4BE82B25210E00C6C324 /* Avocadough.app */ = {isa = PBXFileReference; explicitFileType = wrapper.application; includeInIndex = 0; path = Avocadough.app; sourceTree = BUILT_PRODUCTS_DIR; };
/* End PBXFileReference section */

/* Begin PBXFileSystemSynchronizedBuildFileExceptionSet section */
		6CD88DBE2CF191E400E9B653 /* PBXFileSystemSynchronizedBuildFileExceptionSet */ = {
			isa = PBXFileSystemSynchronizedBuildFileExceptionSet;
			membershipExceptions = (
				System/Info.plist,
			);
			target = 6CDD4BE72B25210E00C6C324 /* Avocadough */;
		};
/* End PBXFileSystemSynchronizedBuildFileExceptionSet section */

/* Begin PBXFileSystemSynchronizedRootGroup section */
		6CD88D932CF191E400E9B653 /* Avocadough */ = {isa = PBXFileSystemSynchronizedRootGroup; exceptions = (6CD88DBE2CF191E400E9B653 /* PBXFileSystemSynchronizedBuildFileExceptionSet */, ); explicitFileTypes = {}; explicitFolders = (); path = Avocadough; sourceTree = "<group>"; };
		6CD88DC02CF191E700E9B653 /* Configurations */ = {isa = PBXFileSystemSynchronizedRootGroup; explicitFileTypes = {}; explicitFolders = (); path = Configurations; sourceTree = "<group>"; };
		6CD88DC22CF191EA00E9B653 /* ci_scripts */ = {isa = PBXFileSystemSynchronizedRootGroup; explicitFileTypes = {}; explicitFolders = (); path = ci_scripts; sourceTree = "<group>"; };
/* End PBXFileSystemSynchronizedRootGroup section */

/* Begin PBXFrameworksBuildPhase section */
		6CDD4BE52B25210E00C6C324 /* Frameworks */ = {
			isa = PBXFrameworksBuildPhase;
			buildActionMask = 2147483647;
			files = (
				6CF5B9F62D68F64600BC6416 /* NostrSDK in Frameworks */,
				6C73E5F82B3F0F3B0073C816 /* Vault in Frameworks */,
				6C63CDC62D7BDFEF001D6BE6 /* AlbyKit in Frameworks */,
				6CECC8AA2C5C03E7000F688B /* LightningDevKit in Frameworks */,
				6C590DC52D67DB6D00419205 /* NostrSDK in Frameworks */,
			);
			runOnlyForDeploymentPostprocessing = 0;
		};
/* End PBXFrameworksBuildPhase section */

/* Begin PBXGroup section */
		6CDD4BDF2B25210E00C6C324 = {
			isa = PBXGroup;
			children = (
				6CD88DC22CF191EA00E9B653 /* ci_scripts */,
				6CD88DC02CF191E700E9B653 /* Configurations */,
				6CD88D932CF191E400E9B653 /* Avocadough */,
				6CDD4BE92B25210E00C6C324 /* Products */,
			);
			sourceTree = "<group>";
		};
		6CDD4BE92B25210E00C6C324 /* Products */ = {
			isa = PBXGroup;
			children = (
				6CDD4BE82B25210E00C6C324 /* Avocadough.app */,
			);
			name = Products;
			sourceTree = "<group>";
		};
/* End PBXGroup section */

/* Begin PBXNativeTarget section */
		6CDD4BE72B25210E00C6C324 /* Avocadough */ = {
			isa = PBXNativeTarget;
			buildConfigurationList = 6CDD4BF62B25210F00C6C324 /* Build configuration list for PBXNativeTarget "Avocadough" */;
			buildPhases = (
				6CDD4BE42B25210E00C6C324 /* Sources */,
				6CDD4BE52B25210E00C6C324 /* Frameworks */,
				6CDD4BE62B25210E00C6C324 /* Resources */,
			);
			buildRules = (
			);
			dependencies = (
			);
			fileSystemSynchronizedGroups = (
				6CD88D932CF191E400E9B653 /* Avocadough */,
			);
			name = Avocadough;
			packageProductDependencies = (
				6C73E5F72B3F0F3B0073C816 /* Vault */,
				6CECC8A92C5C03E7000F688B /* LightningDevKit */,
				6C590DC42D67DB6D00419205 /* NostrSDK */,
				6CF5B9F52D68F64600BC6416 /* NostrSDK */,
				6C63CDC52D7BDFEF001D6BE6 /* AlbyKit */,
			);
			productName = Boostz;
			productReference = 6CDD4BE82B25210E00C6C324 /* Avocadough.app */;
			productType = "com.apple.product-type.application";
		};
/* End PBXNativeTarget section */

/* Begin PBXProject section */
		6CDD4BE02B25210E00C6C324 /* Project object */ = {
			isa = PBXProject;
			attributes = {
				BuildIndependentTargetsInParallel = 1;
				LastSwiftUpdateCheck = 1500;
				LastUpgradeCheck = 1500;
				TargetAttributes = {
					6CDD4BE72B25210E00C6C324 = {
						CreatedOnToolsVersion = 15.0.1;
					};
				};
			};
			buildConfigurationList = 6CDD4BE32B25210E00C6C324 /* Build configuration list for PBXProject "Avocadough" */;
			compatibilityVersion = "Xcode 14.0";
			developmentRegion = en;
			hasScannedForEncodings = 0;
			knownRegions = (
				en,
				Base,
			);
			mainGroup = 6CDD4BDF2B25210E00C6C324;
			packageReferences = (
				6C73E5F62B3F0F3B0073C816 /* XCRemoteSwiftPackageReference "Vault" */,
				6CECC8A82C5C03E7000F688B /* XCRemoteSwiftPackageReference "ldk-swift" */,
				6CF5B9F42D68F64600BC6416 /* XCRemoteSwiftPackageReference "nostr-sdk-swift" */,
				6C63CDC42D7BDFEF001D6BE6 /* XCRemoteSwiftPackageReference "AlbyKit" */,
			);
			productRefGroup = 6CDD4BE92B25210E00C6C324 /* Products */;
			projectDirPath = "";
			projectRoot = "";
			targets = (
				6CDD4BE72B25210E00C6C324 /* Avocadough */,
			);
		};
/* End PBXProject section */

/* Begin PBXResourcesBuildPhase section */
		6CDD4BE62B25210E00C6C324 /* Resources */ = {
			isa = PBXResourcesBuildPhase;
			buildActionMask = 2147483647;
			files = (
			);
			runOnlyForDeploymentPostprocessing = 0;
		};
/* End PBXResourcesBuildPhase section */

/* Begin PBXSourcesBuildPhase section */
		6CDD4BE42B25210E00C6C324 /* Sources */ = {
			isa = PBXSourcesBuildPhase;
			buildActionMask = 2147483647;
			files = (
			);
			runOnlyForDeploymentPostprocessing = 0;
		};
/* End PBXSourcesBuildPhase section */

/* Begin XCBuildConfiguration section */
		6CDD4BF42B25210F00C6C324 /* Debug */ = {
			isa = XCBuildConfiguration;
			baseConfigurationReferenceAnchor = 6CD88DC02CF191E700E9B653 /* Configurations */;
			baseConfigurationReferenceRelativePath = Avocadough.xcconfig;
			buildSettings = {
				ALWAYS_SEARCH_USER_PATHS = NO;
				ASSETCATALOG_COMPILER_GENERATE_SWIFT_ASSET_SYMBOL_EXTENSIONS = YES;
				CLANG_ANALYZER_NONNULL = YES;
				CLANG_ANALYZER_NUMBER_OBJECT_CONVERSION = YES_AGGRESSIVE;
				CLANG_CXX_LANGUAGE_STANDARD = "gnu++20";
				CLANG_ENABLE_MODULES = YES;
				CLANG_ENABLE_OBJC_ARC = YES;
				CLANG_ENABLE_OBJC_WEAK = YES;
				CLANG_WARN_BLOCK_CAPTURE_AUTORELEASING = YES;
				CLANG_WARN_BOOL_CONVERSION = YES;
				CLANG_WARN_COMMA = YES;
				CLANG_WARN_CONSTANT_CONVERSION = YES;
				CLANG_WARN_DEPRECATED_OBJC_IMPLEMENTATIONS = YES;
				CLANG_WARN_DIRECT_OBJC_ISA_USAGE = YES_ERROR;
				CLANG_WARN_DOCUMENTATION_COMMENTS = YES;
				CLANG_WARN_EMPTY_BODY = YES;
				CLANG_WARN_ENUM_CONVERSION = YES;
				CLANG_WARN_INFINITE_RECURSION = YES;
				CLANG_WARN_INT_CONVERSION = YES;
				CLANG_WARN_NON_LITERAL_NULL_CONVERSION = YES;
				CLANG_WARN_OBJC_IMPLICIT_RETAIN_SELF = YES;
				CLANG_WARN_OBJC_LITERAL_CONVERSION = YES;
				CLANG_WARN_OBJC_ROOT_CLASS = YES_ERROR;
				CLANG_WARN_QUOTED_INCLUDE_IN_FRAMEWORK_HEADER = YES;
				CLANG_WARN_RANGE_LOOP_ANALYSIS = YES;
				CLANG_WARN_STRICT_PROTOTYPES = YES;
				CLANG_WARN_SUSPICIOUS_MOVE = YES;
				CLANG_WARN_UNGUARDED_AVAILABILITY = YES_AGGRESSIVE;
				CLANG_WARN_UNREACHABLE_CODE = YES;
				CLANG_WARN__DUPLICATE_METHOD_MATCH = YES;
				COPY_PHASE_STRIP = NO;
				DEBUG_INFORMATION_FORMAT = dwarf;
				DEVELOPMENT_TEAM = VFXJQ4U7H8;
				ENABLE_STRICT_OBJC_MSGSEND = YES;
				ENABLE_TESTABILITY = YES;
				ENABLE_USER_SCRIPT_SANDBOXING = YES;
				GCC_C_LANGUAGE_STANDARD = gnu17;
				GCC_DYNAMIC_NO_PIC = NO;
				GCC_NO_COMMON_BLOCKS = YES;
				GCC_OPTIMIZATION_LEVEL = 0;
				GCC_PREPROCESSOR_DEFINITIONS = (
					"DEBUG=1",
					"$(inherited)",
				);
				GCC_WARN_64_TO_32_BIT_CONVERSION = YES;
				GCC_WARN_ABOUT_RETURN_TYPE = YES_ERROR;
				GCC_WARN_UNDECLARED_SELECTOR = YES;
				GCC_WARN_UNINITIALIZED_AUTOS = YES_AGGRESSIVE;
				GCC_WARN_UNUSED_FUNCTION = YES;
				GCC_WARN_UNUSED_VARIABLE = YES;
				IPHONEOS_DEPLOYMENT_TARGET = 17.0;
				LOCALIZATION_PREFERS_STRING_CATALOGS = YES;
				MTL_ENABLE_DEBUG_INFO = INCLUDE_SOURCE;
				MTL_FAST_MATH = YES;
				ONLY_ACTIVE_ARCH = YES;
				SDKROOT = iphoneos;
				SWIFT_ACTIVE_COMPILATION_CONDITIONS = "DEBUG $(inherited)";
				SWIFT_OPTIMIZATION_LEVEL = "-Onone";
			};
			name = Debug;
		};
		6CDD4BF52B25210F00C6C324 /* Release */ = {
			isa = XCBuildConfiguration;
			baseConfigurationReferenceAnchor = 6CD88DC02CF191E700E9B653 /* Configurations */;
			baseConfigurationReferenceRelativePath = Avocadough.xcconfig;
			buildSettings = {
				ALWAYS_SEARCH_USER_PATHS = NO;
				ASSETCATALOG_COMPILER_GENERATE_SWIFT_ASSET_SYMBOL_EXTENSIONS = YES;
				CLANG_ANALYZER_NONNULL = YES;
				CLANG_ANALYZER_NUMBER_OBJECT_CONVERSION = YES_AGGRESSIVE;
				CLANG_CXX_LANGUAGE_STANDARD = "gnu++20";
				CLANG_ENABLE_MODULES = YES;
				CLANG_ENABLE_OBJC_ARC = YES;
				CLANG_ENABLE_OBJC_WEAK = YES;
				CLANG_WARN_BLOCK_CAPTURE_AUTORELEASING = YES;
				CLANG_WARN_BOOL_CONVERSION = YES;
				CLANG_WARN_COMMA = YES;
				CLANG_WARN_CONSTANT_CONVERSION = YES;
				CLANG_WARN_DEPRECATED_OBJC_IMPLEMENTATIONS = YES;
				CLANG_WARN_DIRECT_OBJC_ISA_USAGE = YES_ERROR;
				CLANG_WARN_DOCUMENTATION_COMMENTS = YES;
				CLANG_WARN_EMPTY_BODY = YES;
				CLANG_WARN_ENUM_CONVERSION = YES;
				CLANG_WARN_INFINITE_RECURSION = YES;
				CLANG_WARN_INT_CONVERSION = YES;
				CLANG_WARN_NON_LITERAL_NULL_CONVERSION = YES;
				CLANG_WARN_OBJC_IMPLICIT_RETAIN_SELF = YES;
				CLANG_WARN_OBJC_LITERAL_CONVERSION = YES;
				CLANG_WARN_OBJC_ROOT_CLASS = YES_ERROR;
				CLANG_WARN_QUOTED_INCLUDE_IN_FRAMEWORK_HEADER = YES;
				CLANG_WARN_RANGE_LOOP_ANALYSIS = YES;
				CLANG_WARN_STRICT_PROTOTYPES = YES;
				CLANG_WARN_SUSPICIOUS_MOVE = YES;
				CLANG_WARN_UNGUARDED_AVAILABILITY = YES_AGGRESSIVE;
				CLANG_WARN_UNREACHABLE_CODE = YES;
				CLANG_WARN__DUPLICATE_METHOD_MATCH = YES;
				COPY_PHASE_STRIP = NO;
				DEBUG_INFORMATION_FORMAT = "dwarf-with-dsym";
				DEVELOPMENT_TEAM = VFXJQ4U7H8;
				ENABLE_NS_ASSERTIONS = NO;
				ENABLE_STRICT_OBJC_MSGSEND = YES;
				ENABLE_USER_SCRIPT_SANDBOXING = YES;
				GCC_C_LANGUAGE_STANDARD = gnu17;
				GCC_NO_COMMON_BLOCKS = YES;
				GCC_WARN_64_TO_32_BIT_CONVERSION = YES;
				GCC_WARN_ABOUT_RETURN_TYPE = YES_ERROR;
				GCC_WARN_UNDECLARED_SELECTOR = YES;
				GCC_WARN_UNINITIALIZED_AUTOS = YES_AGGRESSIVE;
				GCC_WARN_UNUSED_FUNCTION = YES;
				GCC_WARN_UNUSED_VARIABLE = YES;
				IPHONEOS_DEPLOYMENT_TARGET = 17.0;
				LOCALIZATION_PREFERS_STRING_CATALOGS = YES;
				MTL_ENABLE_DEBUG_INFO = NO;
				MTL_FAST_MATH = YES;
				SDKROOT = iphoneos;
				SWIFT_COMPILATION_MODE = wholemodule;
				VALIDATE_PRODUCT = YES;
			};
			name = Release;
		};
		6CDD4BF72B25210F00C6C324 /* Debug */ = {
			isa = XCBuildConfiguration;
			buildSettings = {
				ASSETCATALOG_COMPILER_APPICON_NAME = AppIcon;
				ASSETCATALOG_COMPILER_GLOBAL_ACCENT_COLOR_NAME = AccentColor;
				AVOCADOUGH_ENV = DEVELOPMENT;
				CODE_SIGN_STYLE = Automatic;
				CURRENT_PROJECT_VERSION = 1;
				DEVELOPMENT_ASSET_PATHS = "\"Avocadough/Preview Content\"";
				ENABLE_PREVIEWS = YES;
				GENERATE_INFOPLIST_FILE = YES;
				INFOPLIST_FILE = Avocadough/System/Info.plist;
				INFOPLIST_KEY_UIApplicationSceneManifest_Generation = YES;
				INFOPLIST_KEY_UIApplicationSupportsIndirectInputEvents = YES;
				INFOPLIST_KEY_UILaunchScreen_Generation = YES;
				INFOPLIST_KEY_UISupportedInterfaceOrientations_iPad = "UIInterfaceOrientationPortrait UIInterfaceOrientationPortraitUpsideDown UIInterfaceOrientationLandscapeLeft UIInterfaceOrientationLandscapeRight";
				INFOPLIST_KEY_UISupportedInterfaceOrientations_iPhone = "UIInterfaceOrientationPortrait UIInterfaceOrientationLandscapeLeft UIInterfaceOrientationLandscapeRight";
				IPHONEOS_DEPLOYMENT_TARGET = 18.0;
				LD_RUNPATH_SEARCH_PATHS = (
					"$(inherited)",
					"@executable_path/Frameworks",
				);
				MARKETING_VERSION = 1.0;
				PRODUCT_NAME = "$(TARGET_NAME)";
				SUPPORTED_PLATFORMS = "iphoneos iphonesimulator";
				SUPPORTS_MACCATALYST = NO;
				SUPPORTS_MAC_DESIGNED_FOR_IPHONE_IPAD = NO;
				SUPPORTS_XR_DESIGNED_FOR_IPHONE_IPAD = NO;
				SWIFT_EMIT_LOC_STRINGS = YES;
				SWIFT_STRICT_CONCURRENCY = complete;
				SWIFT_VERSION = 6.0;
				TARGETED_DEVICE_FAMILY = 1;
			};
			name = Debug;
		};
		6CDD4BF82B25210F00C6C324 /* Release */ = {
			isa = XCBuildConfiguration;
			buildSettings = {
				ASSETCATALOG_COMPILER_APPICON_NAME = AppIcon;
				ASSETCATALOG_COMPILER_GLOBAL_ACCENT_COLOR_NAME = AccentColor;
				AVOCADOUGH_ENV = PRODUCTION;
				CODE_SIGN_STYLE = Automatic;
				CURRENT_PROJECT_VERSION = 1;
				DEVELOPMENT_ASSET_PATHS = "\"Avocadough/Preview Content\"";
				ENABLE_PREVIEWS = YES;
				GENERATE_INFOPLIST_FILE = YES;
				INFOPLIST_FILE = Avocadough/System/Info.plist;
				INFOPLIST_KEY_UIApplicationSceneManifest_Generation = YES;
				INFOPLIST_KEY_UIApplicationSupportsIndirectInputEvents = YES;
				INFOPLIST_KEY_UILaunchScreen_Generation = YES;
				INFOPLIST_KEY_UISupportedInterfaceOrientations_iPad = "UIInterfaceOrientationPortrait UIInterfaceOrientationPortraitUpsideDown UIInterfaceOrientationLandscapeLeft UIInterfaceOrientationLandscapeRight";
				INFOPLIST_KEY_UISupportedInterfaceOrientations_iPhone = "UIInterfaceOrientationPortrait UIInterfaceOrientationLandscapeLeft UIInterfaceOrientationLandscapeRight";
				IPHONEOS_DEPLOYMENT_TARGET = 18.0;
				LD_RUNPATH_SEARCH_PATHS = (
					"$(inherited)",
					"@executable_path/Frameworks",
				);
				MARKETING_VERSION = 1.0;
				PRODUCT_NAME = "$(TARGET_NAME)";
				SUPPORTED_PLATFORMS = "iphoneos iphonesimulator";
				SUPPORTS_MACCATALYST = NO;
				SUPPORTS_MAC_DESIGNED_FOR_IPHONE_IPAD = NO;
				SUPPORTS_XR_DESIGNED_FOR_IPHONE_IPAD = NO;
				SWIFT_EMIT_LOC_STRINGS = YES;
				SWIFT_STRICT_CONCURRENCY = complete;
				SWIFT_VERSION = 6.0;
				TARGETED_DEVICE_FAMILY = 1;
			};
			name = Release;
		};
/* End XCBuildConfiguration section */

/* Begin XCConfigurationList section */
		6CDD4BE32B25210E00C6C324 /* Build configuration list for PBXProject "Avocadough" */ = {
			isa = XCConfigurationList;
			buildConfigurations = (
				6CDD4BF42B25210F00C6C324 /* Debug */,
				6CDD4BF52B25210F00C6C324 /* Release */,
			);
			defaultConfigurationIsVisible = 0;
			defaultConfigurationName = Release;
		};
		6CDD4BF62B25210F00C6C324 /* Build configuration list for PBXNativeTarget "Avocadough" */ = {
			isa = XCConfigurationList;
			buildConfigurations = (
				6CDD4BF72B25210F00C6C324 /* Debug */,
				6CDD4BF82B25210F00C6C324 /* Release */,
			);
			defaultConfigurationIsVisible = 0;
			defaultConfigurationName = Release;
		};
/* End XCConfigurationList section */

/* Begin XCRemoteSwiftPackageReference section */
		6C63CDC42D7BDFEF001D6BE6 /* XCRemoteSwiftPackageReference "AlbyKit" */ = {
			isa = XCRemoteSwiftPackageReference;
			repositoryURL = "https://github.com/SparrowTek/AlbyKit";
			requirement = {
				branch = LightningAddressDetailsProxyService_only;
				kind = branch;
			};
		};
		6C73E5F62B3F0F3B0073C816 /* XCRemoteSwiftPackageReference "Vault" */ = {
			isa = XCRemoteSwiftPackageReference;
			repositoryURL = "https://github.com/SparrowTek/Vault";
			requirement = {
				kind = upToNextMajorVersion;
				minimumVersion = 1.2.0;
			};
		};
		6CECC8A82C5C03E7000F688B /* XCRemoteSwiftPackageReference "ldk-swift" */ = {
			isa = XCRemoteSwiftPackageReference;
			repositoryURL = "https://github.com/lightningdevkit/ldk-swift";
			requirement = {
				kind = upToNextMajorVersion;
				minimumVersion = 0.0.123;
			};
		};
		6CF5B9F42D68F64600BC6416 /* XCRemoteSwiftPackageReference "nostr-sdk-swift" */ = {
			isa = XCRemoteSwiftPackageReference;
			repositoryURL = "https://github.com/rust-nostr/nostr-sdk-swift";
			requirement = {
				kind = upToNextMajorVersion;
				minimumVersion = 0.39.0;
			};
		};
/* End XCRemoteSwiftPackageReference section */

/* Begin XCSwiftPackageProductDependency section */
		6C590DC42D67DB6D00419205 /* NostrSDK */ = {
			isa = XCSwiftPackageProductDependency;
			productName = NostrSDK;
		};
		6C63CDC52D7BDFEF001D6BE6 /* AlbyKit */ = {
			isa = XCSwiftPackageProductDependency;
			package = 6C63CDC42D7BDFEF001D6BE6 /* XCRemoteSwiftPackageReference "AlbyKit" */;
			productName = AlbyKit;
		};
		6C73E5F72B3F0F3B0073C816 /* Vault */ = {
			isa = XCSwiftPackageProductDependency;
			package = 6C73E5F62B3F0F3B0073C816 /* XCRemoteSwiftPackageReference "Vault" */;
			productName = Vault;
		};
		6CECC8A92C5C03E7000F688B /* LightningDevKit */ = {
			isa = XCSwiftPackageProductDependency;
			package = 6CECC8A82C5C03E7000F688B /* XCRemoteSwiftPackageReference "ldk-swift" */;
			productName = LightningDevKit;
		};
		6CF5B9F52D68F64600BC6416 /* NostrSDK */ = {
			isa = XCSwiftPackageProductDependency;
			package = 6CF5B9F42D68F64600BC6416 /* XCRemoteSwiftPackageReference "nostr-sdk-swift" */;
			productName = NostrSDK;
		};
/* End XCSwiftPackageProductDependency section */
	};
	rootObject = 6CDD4BE02B25210E00C6C324 /* Project object */;
}
