// !$*UTF8*$!
{
	archiveVersion = 1;
	classes = {
	};
	objectVersion = 56;
	objects = {

/* Begin PBXBuildFile section */
		6C119A2A2B409714008368BE /* AuthPresenter.swift in Sources */ = {isa = PBXBuildFile; fileRef = 6C119A292B409714008368BE /* AuthPresenter.swift */; };
		6C119A2C2B40981D008368BE /* AuthState.swift in Sources */ = {isa = PBXBuildFile; fileRef = 6C119A2B2B40981D008368BE /* AuthState.swift */; };
		6C119A2E2B40984E008368BE /* WalletState.swift in Sources */ = {isa = PBXBuildFile; fileRef = 6C119A2D2B40984E008368BE /* WalletState.swift */; };
		6C119A302B40BF48008368BE /* TaskTrigger.swift in Sources */ = {isa = PBXBuildFile; fileRef = 6C119A2F2B40BF48008368BE /* TaskTrigger.swift */; };
		6C1D587E2B40DF380016DFF7 /* AlbyKit in Frameworks */ = {isa = PBXBuildFile; productRef = 6C1D587D2B40DF380016DFF7 /* AlbyKit */; };
		6C387F362B4B435400825603 /* SyncConfigData.swift in Sources */ = {isa = PBXBuildFile; fileRef = 6C387F352B4B435400825603 /* SyncConfigData.swift */; };
		6C387F392B4B4FDE00825603 /* AlbyKit in Frameworks */ = {isa = PBXBuildFile; productRef = 6C387F382B4B4FDE00825603 /* AlbyKit */; };
		6C5AE8F22B26505D00C566C0 /* AppState.swift in Sources */ = {isa = PBXBuildFile; fileRef = 6C5AE8F12B26505D00C566C0 /* AppState.swift */; };
		6C5AE8F52B265BB800C566C0 /* CommonView.swift in Sources */ = {isa = PBXBuildFile; fileRef = 6C5AE8F42B265BB800C566C0 /* CommonView.swift */; };
		6C5AE8F72B265D2300C566C0 /* Color.swift in Sources */ = {isa = PBXBuildFile; fileRef = 6C5AE8F62B265D2300C566C0 /* Color.swift */; };
		6C5AE8F92B265E3700C566C0 /* Build.swift in Sources */ = {isa = PBXBuildFile; fileRef = 6C5AE8F82B265E3700C566C0 /* Build.swift */; };
		6C5AE8FB2B26612C00C566C0 /* Build+Constants.swift in Sources */ = {isa = PBXBuildFile; fileRef = 6C5AE8FA2B26612C00C566C0 /* Build+Constants.swift */; };
		6C5AE8FD2B26617D00C566C0 /* Theme.swift in Sources */ = {isa = PBXBuildFile; fileRef = 6C5AE8FC2B26617D00C566C0 /* Theme.swift */; };
		6C5AE8FF2B2661A000C566C0 /* OptionalString.swift in Sources */ = {isa = PBXBuildFile; fileRef = 6C5AE8FE2B2661A000C566C0 /* OptionalString.swift */; };
		6C5AE9012B26627C00C566C0 /* BoostzButtonStyle.swift in Sources */ = {isa = PBXBuildFile; fileRef = 6C5AE9002B26627C00C566C0 /* BoostzButtonStyle.swift */; };
		6C5AE9042B2668EC00C566C0 /* SettingsState.swift in Sources */ = {isa = PBXBuildFile; fileRef = 6C5AE9032B2668EC00C566C0 /* SettingsState.swift */; };
		6C5AE9062B26692600C566C0 /* SettingsPresenter.swift in Sources */ = {isa = PBXBuildFile; fileRef = 6C5AE9052B26692600C566C0 /* SettingsPresenter.swift */; };
		6C5AE9082B26694D00C566C0 /* ThemeSettingsView.swift in Sources */ = {isa = PBXBuildFile; fileRef = 6C5AE9072B26694D00C566C0 /* ThemeSettingsView.swift */; };
		6C73E5F82B3F0F3B0073C816 /* Vault in Frameworks */ = {isa = PBXBuildFile; productRef = 6C73E5F72B3F0F3B0073C816 /* Vault */; };
		6C73E5FB2B3F0F8E0073C816 /* AlbyKit in Frameworks */ = {isa = PBXBuildFile; productRef = 6C73E5FA2B3F0F8E0073C816 /* AlbyKit */; };
		6C73E5FF2B3F2BEA0073C816 /* WalletPresenter.swift in Sources */ = {isa = PBXBuildFile; fileRef = 6C73E5FE2B3F2BEA0073C816 /* WalletPresenter.swift */; };
		6C8A87672B41A42100080639 /* ConfigView.swift in Sources */ = {isa = PBXBuildFile; fileRef = 6C8A87662B41A42100080639 /* ConfigView.swift */; };
		6C8A87692B41B7EC00080639 /* Reachability.swift in Sources */ = {isa = PBXBuildFile; fileRef = 6C8A87682B41B7EC00080639 /* Reachability.swift */; };
		6C8A876B2B41B7FB00080639 /* NWPathMonitor.swift in Sources */ = {isa = PBXBuildFile; fileRef = 6C8A876A2B41B7FB00080639 /* NWPathMonitor.swift */; };
		6CBA920F2B46EAC8002FCA12 /* KeychainConfiguration.swift in Sources */ = {isa = PBXBuildFile; fileRef = 6CBA920E2B46EAC8002FCA12 /* KeychainConfiguration.swift */; };
		6CCEEC612B4987EE003BB066 /* OnOpenURL.swift in Sources */ = {isa = PBXBuildFile; fileRef = 6CCEEC602B4987EE003BB066 /* OnOpenURL.swift */; };
		6CDD4BEC2B25210E00C6C324 /* BoostzApp.swift in Sources */ = {isa = PBXBuildFile; fileRef = 6CDD4BEB2B25210E00C6C324 /* BoostzApp.swift */; };
		6CDD4BEE2B25210E00C6C324 /* AppPresenter.swift in Sources */ = {isa = PBXBuildFile; fileRef = 6CDD4BED2B25210E00C6C324 /* AppPresenter.swift */; };
		6CDD4BF02B25210F00C6C324 /* Assets.xcassets in Resources */ = {isa = PBXBuildFile; fileRef = 6CDD4BEF2B25210F00C6C324 /* Assets.xcassets */; };
		6CDD4BF32B25210F00C6C324 /* Preview Assets.xcassets in Resources */ = {isa = PBXBuildFile; fileRef = 6CDD4BF22B25210F00C6C324 /* Preview Assets.xcassets */; };
		6CDD4C022B25253300C6C324 /* Colors.xcassets in Resources */ = {isa = PBXBuildFile; fileRef = 6CDD4C012B25253300C6C324 /* Colors.xcassets */; };
		6CDD4C042B25254000C6C324 /* Localizable.xcstrings in Resources */ = {isa = PBXBuildFile; fileRef = 6CDD4C032B25254000C6C324 /* Localizable.xcstrings */; };
/* End PBXBuildFile section */

/* Begin PBXFileReference section */
		6C119A292B409714008368BE /* AuthPresenter.swift */ = {isa = PBXFileReference; lastKnownFileType = sourcecode.swift; path = AuthPresenter.swift; sourceTree = "<group>"; };
		6C119A2B2B40981D008368BE /* AuthState.swift */ = {isa = PBXFileReference; lastKnownFileType = sourcecode.swift; path = AuthState.swift; sourceTree = "<group>"; };
		6C119A2D2B40984E008368BE /* WalletState.swift */ = {isa = PBXFileReference; lastKnownFileType = sourcecode.swift; path = WalletState.swift; sourceTree = "<group>"; };
		6C119A2F2B40BF48008368BE /* TaskTrigger.swift */ = {isa = PBXFileReference; lastKnownFileType = sourcecode.swift; path = TaskTrigger.swift; sourceTree = "<group>"; };
		6C1D1CD72B4D681400F841CC /* ci_post_clone.sh */ = {isa = PBXFileReference; lastKnownFileType = text.script.sh; path = ci_post_clone.sh; sourceTree = "<group>"; };
		6C387F352B4B435400825603 /* SyncConfigData.swift */ = {isa = PBXFileReference; lastKnownFileType = sourcecode.swift; path = SyncConfigData.swift; sourceTree = "<group>"; };
		6C5AE8F12B26505D00C566C0 /* AppState.swift */ = {isa = PBXFileReference; lastKnownFileType = sourcecode.swift; path = AppState.swift; sourceTree = "<group>"; };
		6C5AE8F42B265BB800C566C0 /* CommonView.swift */ = {isa = PBXFileReference; lastKnownFileType = sourcecode.swift; path = CommonView.swift; sourceTree = "<group>"; };
		6C5AE8F62B265D2300C566C0 /* Color.swift */ = {isa = PBXFileReference; lastKnownFileType = sourcecode.swift; path = Color.swift; sourceTree = "<group>"; };
		6C5AE8F82B265E3700C566C0 /* Build.swift */ = {isa = PBXFileReference; lastKnownFileType = sourcecode.swift; path = Build.swift; sourceTree = "<group>"; };
		6C5AE8FA2B26612C00C566C0 /* Build+Constants.swift */ = {isa = PBXFileReference; lastKnownFileType = sourcecode.swift; path = "Build+Constants.swift"; sourceTree = "<group>"; };
		6C5AE8FC2B26617D00C566C0 /* Theme.swift */ = {isa = PBXFileReference; lastKnownFileType = sourcecode.swift; path = Theme.swift; sourceTree = "<group>"; };
		6C5AE8FE2B2661A000C566C0 /* OptionalString.swift */ = {isa = PBXFileReference; lastKnownFileType = sourcecode.swift; path = OptionalString.swift; sourceTree = "<group>"; };
		6C5AE9002B26627C00C566C0 /* BoostzButtonStyle.swift */ = {isa = PBXFileReference; lastKnownFileType = sourcecode.swift; path = BoostzButtonStyle.swift; sourceTree = "<group>"; };
		6C5AE9032B2668EC00C566C0 /* SettingsState.swift */ = {isa = PBXFileReference; lastKnownFileType = sourcecode.swift; path = SettingsState.swift; sourceTree = "<group>"; };
		6C5AE9052B26692600C566C0 /* SettingsPresenter.swift */ = {isa = PBXFileReference; lastKnownFileType = sourcecode.swift; path = SettingsPresenter.swift; sourceTree = "<group>"; };
		6C5AE9072B26694D00C566C0 /* ThemeSettingsView.swift */ = {isa = PBXFileReference; lastKnownFileType = sourcecode.swift; path = ThemeSettingsView.swift; sourceTree = "<group>"; };
		6C73E5FE2B3F2BEA0073C816 /* WalletPresenter.swift */ = {isa = PBXFileReference; lastKnownFileType = sourcecode.swift; path = WalletPresenter.swift; sourceTree = "<group>"; };
		6C8A87662B41A42100080639 /* ConfigView.swift */ = {isa = PBXFileReference; lastKnownFileType = sourcecode.swift; path = ConfigView.swift; sourceTree = "<group>"; };
		6C8A87682B41B7EC00080639 /* Reachability.swift */ = {isa = PBXFileReference; lastKnownFileType = sourcecode.swift; path = Reachability.swift; sourceTree = "<group>"; };
		6C8A876A2B41B7FB00080639 /* NWPathMonitor.swift */ = {isa = PBXFileReference; lastKnownFileType = sourcecode.swift; path = NWPathMonitor.swift; sourceTree = "<group>"; };
		6CBA920E2B46EAC8002FCA12 /* KeychainConfiguration.swift */ = {isa = PBXFileReference; lastKnownFileType = sourcecode.swift; path = KeychainConfiguration.swift; sourceTree = "<group>"; };
		6CC430EA2B25DDE900ED3B6A /* Boostz.xcconfig */ = {isa = PBXFileReference; fileEncoding = 4; lastKnownFileType = text.xcconfig; path = Boostz.xcconfig; sourceTree = "<group>"; };
		6CCEEC602B4987EE003BB066 /* OnOpenURL.swift */ = {isa = PBXFileReference; lastKnownFileType = sourcecode.swift; path = OnOpenURL.swift; sourceTree = "<group>"; };
		6CDD4BE82B25210E00C6C324 /* Boostz.app */ = {isa = PBXFileReference; explicitFileType = wrapper.application; includeInIndex = 0; path = Boostz.app; sourceTree = BUILT_PRODUCTS_DIR; };
		6CDD4BEB2B25210E00C6C324 /* BoostzApp.swift */ = {isa = PBXFileReference; lastKnownFileType = sourcecode.swift; path = BoostzApp.swift; sourceTree = "<group>"; };
		6CDD4BED2B25210E00C6C324 /* AppPresenter.swift */ = {isa = PBXFileReference; lastKnownFileType = sourcecode.swift; path = AppPresenter.swift; sourceTree = "<group>"; };
		6CDD4BEF2B25210F00C6C324 /* Assets.xcassets */ = {isa = PBXFileReference; lastKnownFileType = folder.assetcatalog; path = Assets.xcassets; sourceTree = "<group>"; };
		6CDD4BF22B25210F00C6C324 /* Preview Assets.xcassets */ = {isa = PBXFileReference; lastKnownFileType = folder.assetcatalog; path = "Preview Assets.xcassets"; sourceTree = "<group>"; };
		6CDD4BFF2B2524F600C6C324 /* Info.plist */ = {isa = PBXFileReference; lastKnownFileType = text.plist.xml; path = Info.plist; sourceTree = "<group>"; };
		6CDD4C012B25253300C6C324 /* Colors.xcassets */ = {isa = PBXFileReference; lastKnownFileType = folder.assetcatalog; path = Colors.xcassets; sourceTree = "<group>"; };
		6CDD4C032B25254000C6C324 /* Localizable.xcstrings */ = {isa = PBXFileReference; lastKnownFileType = text.json.xcstrings; path = Localizable.xcstrings; sourceTree = "<group>"; };
/* End PBXFileReference section */

/* Begin PBXFrameworksBuildPhase section */
		6CDD4BE52B25210E00C6C324 /* Frameworks */ = {
			isa = PBXFrameworksBuildPhase;
			buildActionMask = 2147483647;
			files = (
				6C1D587E2B40DF380016DFF7 /* AlbyKit in Frameworks */,
				6C73E5F82B3F0F3B0073C816 /* Vault in Frameworks */,
				6C73E5FB2B3F0F8E0073C816 /* AlbyKit in Frameworks */,
				6C387F392B4B4FDE00825603 /* AlbyKit in Frameworks */,
			);
			runOnlyForDeploymentPostprocessing = 0;
		};
/* End PBXFrameworksBuildPhase section */

/* Begin PBXGroup section */
		6C1D1CD62B4C6D6B00F841CC /* ci_scripts */ = {
			isa = PBXGroup;
			children = (
				6C1D1CD72B4D681400F841CC /* ci_post_clone.sh */,
			);
			path = ci_scripts;
			sourceTree = "<group>";
		};
		6C5AE8F32B265BA900C566C0 /* Common */ = {
			isa = PBXGroup;
			children = (
				6C5AE8F42B265BB800C566C0 /* CommonView.swift */,
				6C5AE8FC2B26617D00C566C0 /* Theme.swift */,
				6C5AE9002B26627C00C566C0 /* BoostzButtonStyle.swift */,
				6CCEEC602B4987EE003BB066 /* OnOpenURL.swift */,
				6C387F352B4B435400825603 /* SyncConfigData.swift */,
			);
			path = Common;
			sourceTree = "<group>";
		};
		6C5AE9022B2668DE00C566C0 /* Settings */ = {
			isa = PBXGroup;
			children = (
				6C5AE9032B2668EC00C566C0 /* SettingsState.swift */,
				6C5AE9052B26692600C566C0 /* SettingsPresenter.swift */,
				6C5AE9072B26694D00C566C0 /* ThemeSettingsView.swift */,
			);
			path = Settings;
			sourceTree = "<group>";
		};
		6C73E5FC2B3F2BCA0073C816 /* Wallet */ = {
			isa = PBXGroup;
			children = (
				6C73E5FE2B3F2BEA0073C816 /* WalletPresenter.swift */,
				6C119A2D2B40984E008368BE /* WalletState.swift */,
			);
			path = Wallet;
			sourceTree = "<group>";
		};
		6C73E5FD2B3F2BCF0073C816 /* Auth */ = {
			isa = PBXGroup;
			children = (
				6C119A292B409714008368BE /* AuthPresenter.swift */,
				6C119A2B2B40981D008368BE /* AuthState.swift */,
			);
			path = Auth;
			sourceTree = "<group>";
		};
		6C8A87652B41A40400080639 /* Config */ = {
			isa = PBXGroup;
			children = (
				6C8A87662B41A42100080639 /* ConfigView.swift */,
			);
			path = Config;
			sourceTree = "<group>";
		};
		6CC430E92B25DDC900ED3B6A /* Configurations */ = {
			isa = PBXGroup;
			children = (
				6CC430EA2B25DDE900ED3B6A /* Boostz.xcconfig */,
			);
			path = Configurations;
			sourceTree = "<group>";
		};
		6CDD4BDF2B25210E00C6C324 = {
			isa = PBXGroup;
			children = (
				6C1D1CD62B4C6D6B00F841CC /* ci_scripts */,
				6CC430E92B25DDC900ED3B6A /* Configurations */,
				6CDD4BEA2B25210E00C6C324 /* Boostz */,
				6CDD4BE92B25210E00C6C324 /* Products */,
			);
			sourceTree = "<group>";
		};
		6CDD4BE92B25210E00C6C324 /* Products */ = {
			isa = PBXGroup;
			children = (
				6CDD4BE82B25210E00C6C324 /* Boostz.app */,
			);
			name = Products;
			sourceTree = "<group>";
		};
		6CDD4BEA2B25210E00C6C324 /* Boostz */ = {
			isa = PBXGroup;
			children = (
				6CDD4BFE2B25247F00C6C324 /* Extensions */,
				6CDD4BFD2B25247A00C6C324 /* Libs */,
				6CDD4BFC2B25247400C6C324 /* Models */,
				6CDD4BFB2B25245500C6C324 /* Modules */,
				6CDD4BF12B25210F00C6C324 /* Preview Content */,
				6CDD4BFA2B25244100C6C324 /* Resources */,
				6CDD4BF92B25243400C6C324 /* System */,
			);
			path = Boostz;
			sourceTree = "<group>";
		};
		6CDD4BF12B25210F00C6C324 /* Preview Content */ = {
			isa = PBXGroup;
			children = (
				6CDD4BF22B25210F00C6C324 /* Preview Assets.xcassets */,
			);
			path = "Preview Content";
			sourceTree = "<group>";
		};
		6CDD4BF92B25243400C6C324 /* System */ = {
			isa = PBXGroup;
			children = (
				6CDD4BFF2B2524F600C6C324 /* Info.plist */,
				6CDD4BEB2B25210E00C6C324 /* BoostzApp.swift */,
				6C5AE8F82B265E3700C566C0 /* Build.swift */,
				6C5AE8FA2B26612C00C566C0 /* Build+Constants.swift */,
			);
			path = System;
			sourceTree = "<group>";
		};
		6CDD4BFA2B25244100C6C324 /* Resources */ = {
			isa = PBXGroup;
			children = (
				6CDD4BEF2B25210F00C6C324 /* Assets.xcassets */,
				6CDD4C012B25253300C6C324 /* Colors.xcassets */,
				6CDD4C032B25254000C6C324 /* Localizable.xcstrings */,
			);
			path = Resources;
			sourceTree = "<group>";
		};
		6CDD4BFB2B25245500C6C324 /* Modules */ = {
			isa = PBXGroup;
			children = (
				6CDD4BED2B25210E00C6C324 /* AppPresenter.swift */,
				6C5AE8F12B26505D00C566C0 /* AppState.swift */,
				6C73E5FD2B3F2BCF0073C816 /* Auth */,
				6C5AE8F32B265BA900C566C0 /* Common */,
				6C8A87652B41A40400080639 /* Config */,
				6C5AE9022B2668DE00C566C0 /* Settings */,
				6C73E5FC2B3F2BCA0073C816 /* Wallet */,
			);
			path = Modules;
			sourceTree = "<group>";
		};
		6CDD4BFC2B25247400C6C324 /* Models */ = {
			isa = PBXGroup;
			children = (
			);
			path = Models;
			sourceTree = "<group>";
		};
		6CDD4BFD2B25247A00C6C324 /* Libs */ = {
			isa = PBXGroup;
			children = (
				6C119A2F2B40BF48008368BE /* TaskTrigger.swift */,
				6C8A87682B41B7EC00080639 /* Reachability.swift */,
				6CBA920E2B46EAC8002FCA12 /* KeychainConfiguration.swift */,
			);
			path = Libs;
			sourceTree = "<group>";
		};
		6CDD4BFE2B25247F00C6C324 /* Extensions */ = {
			isa = PBXGroup;
			children = (
				6C5AE8F62B265D2300C566C0 /* Color.swift */,
				6C5AE8FE2B2661A000C566C0 /* OptionalString.swift */,
				6C8A876A2B41B7FB00080639 /* NWPathMonitor.swift */,
			);
			path = Extensions;
			sourceTree = "<group>";
		};
/* End PBXGroup section */

/* Begin PBXNativeTarget section */
		6CDD4BE72B25210E00C6C324 /* Boostz */ = {
			isa = PBXNativeTarget;
			buildConfigurationList = 6CDD4BF62B25210F00C6C324 /* Build configuration list for PBXNativeTarget "Boostz" */;
			buildPhases = (
				6CDD4BE42B25210E00C6C324 /* Sources */,
				6CDD4BE52B25210E00C6C324 /* Frameworks */,
				6CDD4BE62B25210E00C6C324 /* Resources */,
			);
			buildRules = (
			);
			dependencies = (
			);
			name = Boostz;
			packageProductDependencies = (
				6C73E5F72B3F0F3B0073C816 /* Vault */,
				6C73E5FA2B3F0F8E0073C816 /* AlbyKit */,
				6C1D587D2B40DF380016DFF7 /* AlbyKit */,
				6C387F382B4B4FDE00825603 /* AlbyKit */,
			);
			productName = Boostz;
			productReference = 6CDD4BE82B25210E00C6C324 /* Boostz.app */;
			productType = "com.apple.product-type.application";
		};
/* End PBXNativeTarget section */

/* Begin PBXProject section */
		6CDD4BE02B25210E00C6C324 /* Project object */ = {
			isa = PBXProject;
			attributes = {
				BuildIndependentTargetsInParallel = 1;
				LastSwiftUpdateCheck = 1500;
				LastUpgradeCheck = 1500;
				TargetAttributes = {
					6CDD4BE72B25210E00C6C324 = {
						CreatedOnToolsVersion = 15.0.1;
					};
				};
			};
			buildConfigurationList = 6CDD4BE32B25210E00C6C324 /* Build configuration list for PBXProject "Boostz" */;
			compatibilityVersion = "Xcode 14.0";
			developmentRegion = en;
			hasScannedForEncodings = 0;
			knownRegions = (
				en,
				Base,
			);
			mainGroup = 6CDD4BDF2B25210E00C6C324;
			packageReferences = (
				6C73E5F62B3F0F3B0073C816 /* XCRemoteSwiftPackageReference "Vault" */,
				6C387F372B4B4FDE00825603 /* XCRemoteSwiftPackageReference "AlbyKit" */,
			);
			productRefGroup = 6CDD4BE92B25210E00C6C324 /* Products */;
			projectDirPath = "";
			projectRoot = "";
			targets = (
				6CDD4BE72B25210E00C6C324 /* Boostz */,
			);
		};
/* End PBXProject section */

/* Begin PBXResourcesBuildPhase section */
		6CDD4BE62B25210E00C6C324 /* Resources */ = {
			isa = PBXResourcesBuildPhase;
			buildActionMask = 2147483647;
			files = (
				6CDD4C022B25253300C6C324 /* Colors.xcassets in Resources */,
				6CDD4BF32B25210F00C6C324 /* Preview Assets.xcassets in Resources */,
				6CDD4C042B25254000C6C324 /* Localizable.xcstrings in Resources */,
				6CDD4BF02B25210F00C6C324 /* Assets.xcassets in Resources */,
			);
			runOnlyForDeploymentPostprocessing = 0;
		};
/* End PBXResourcesBuildPhase section */

/* Begin PBXSourcesBuildPhase section */
		6CDD4BE42B25210E00C6C324 /* Sources */ = {
			isa = PBXSourcesBuildPhase;
			buildActionMask = 2147483647;
			files = (
				6C5AE9042B2668EC00C566C0 /* SettingsState.swift in Sources */,
				6C5AE8F22B26505D00C566C0 /* AppState.swift in Sources */,
				6C5AE9082B26694D00C566C0 /* ThemeSettingsView.swift in Sources */,
				6C5AE8FD2B26617D00C566C0 /* Theme.swift in Sources */,
				6C387F362B4B435400825603 /* SyncConfigData.swift in Sources */,
				6C5AE9012B26627C00C566C0 /* BoostzButtonStyle.swift in Sources */,
				6C5AE8FB2B26612C00C566C0 /* Build+Constants.swift in Sources */,
				6CDD4BEE2B25210E00C6C324 /* AppPresenter.swift in Sources */,
				6C5AE8FF2B2661A000C566C0 /* OptionalString.swift in Sources */,
				6C5AE8F92B265E3700C566C0 /* Build.swift in Sources */,
				6CCEEC612B4987EE003BB066 /* OnOpenURL.swift in Sources */,
				6C8A876B2B41B7FB00080639 /* NWPathMonitor.swift in Sources */,
				6C119A2E2B40984E008368BE /* WalletState.swift in Sources */,
				6CDD4BEC2B25210E00C6C324 /* BoostzApp.swift in Sources */,
				6CBA920F2B46EAC8002FCA12 /* KeychainConfiguration.swift in Sources */,
				6C8A87672B41A42100080639 /* ConfigView.swift in Sources */,
				6C5AE8F72B265D2300C566C0 /* Color.swift in Sources */,
				6C73E5FF2B3F2BEA0073C816 /* WalletPresenter.swift in Sources */,
				6C5AE8F52B265BB800C566C0 /* CommonView.swift in Sources */,
				6C119A2C2B40981D008368BE /* AuthState.swift in Sources */,
				6C5AE9062B26692600C566C0 /* SettingsPresenter.swift in Sources */,
				6C119A2A2B409714008368BE /* AuthPresenter.swift in Sources */,
				6C8A87692B41B7EC00080639 /* Reachability.swift in Sources */,
				6C119A302B40BF48008368BE /* TaskTrigger.swift in Sources */,
			);
			runOnlyForDeploymentPostprocessing = 0;
		};
/* End PBXSourcesBuildPhase section */

/* Begin XCBuildConfiguration section */
		6CDD4BF42B25210F00C6C324 /* Debug */ = {
			isa = XCBuildConfiguration;
			baseConfigurationReference = 6CC430EA2B25DDE900ED3B6A /* Boostz.xcconfig */;
			buildSettings = {
				ALWAYS_SEARCH_USER_PATHS = NO;
				ASSETCATALOG_COMPILER_GENERATE_SWIFT_ASSET_SYMBOL_EXTENSIONS = YES;
				CLANG_ANALYZER_NONNULL = YES;
				CLANG_ANALYZER_NUMBER_OBJECT_CONVERSION = YES_AGGRESSIVE;
				CLANG_CXX_LANGUAGE_STANDARD = "gnu++20";
				CLANG_ENABLE_MODULES = YES;
				CLANG_ENABLE_OBJC_ARC = YES;
				CLANG_ENABLE_OBJC_WEAK = YES;
				CLANG_WARN_BLOCK_CAPTURE_AUTORELEASING = YES;
				CLANG_WARN_BOOL_CONVERSION = YES;
				CLANG_WARN_COMMA = YES;
				CLANG_WARN_CONSTANT_CONVERSION = YES;
				CLANG_WARN_DEPRECATED_OBJC_IMPLEMENTATIONS = YES;
				CLANG_WARN_DIRECT_OBJC_ISA_USAGE = YES_ERROR;
				CLANG_WARN_DOCUMENTATION_COMMENTS = YES;
				CLANG_WARN_EMPTY_BODY = YES;
				CLANG_WARN_ENUM_CONVERSION = YES;
				CLANG_WARN_INFINITE_RECURSION = YES;
				CLANG_WARN_INT_CONVERSION = YES;
				CLANG_WARN_NON_LITERAL_NULL_CONVERSION = YES;
				CLANG_WARN_OBJC_IMPLICIT_RETAIN_SELF = YES;
				CLANG_WARN_OBJC_LITERAL_CONVERSION = YES;
				CLANG_WARN_OBJC_ROOT_CLASS = YES_ERROR;
				CLANG_WARN_QUOTED_INCLUDE_IN_FRAMEWORK_HEADER = YES;
				CLANG_WARN_RANGE_LOOP_ANALYSIS = YES;
				CLANG_WARN_STRICT_PROTOTYPES = YES;
				CLANG_WARN_SUSPICIOUS_MOVE = YES;
				CLANG_WARN_UNGUARDED_AVAILABILITY = YES_AGGRESSIVE;
				CLANG_WARN_UNREACHABLE_CODE = YES;
				CLANG_WARN__DUPLICATE_METHOD_MATCH = YES;
				COPY_PHASE_STRIP = NO;
				DEBUG_INFORMATION_FORMAT = dwarf;
				ENABLE_STRICT_OBJC_MSGSEND = YES;
				ENABLE_TESTABILITY = YES;
				ENABLE_USER_SCRIPT_SANDBOXING = YES;
				GCC_C_LANGUAGE_STANDARD = gnu17;
				GCC_DYNAMIC_NO_PIC = NO;
				GCC_NO_COMMON_BLOCKS = YES;
				GCC_OPTIMIZATION_LEVEL = 0;
				GCC_PREPROCESSOR_DEFINITIONS = (
					"DEBUG=1",
					"$(inherited)",
				);
				GCC_WARN_64_TO_32_BIT_CONVERSION = YES;
				GCC_WARN_ABOUT_RETURN_TYPE = YES_ERROR;
				GCC_WARN_UNDECLARED_SELECTOR = YES;
				GCC_WARN_UNINITIALIZED_AUTOS = YES_AGGRESSIVE;
				GCC_WARN_UNUSED_FUNCTION = YES;
				GCC_WARN_UNUSED_VARIABLE = YES;
				IPHONEOS_DEPLOYMENT_TARGET = 17.0;
				LOCALIZATION_PREFERS_STRING_CATALOGS = YES;
				MTL_ENABLE_DEBUG_INFO = INCLUDE_SOURCE;
				MTL_FAST_MATH = YES;
				ONLY_ACTIVE_ARCH = YES;
				SDKROOT = iphoneos;
				SWIFT_ACTIVE_COMPILATION_CONDITIONS = "DEBUG $(inherited)";
				SWIFT_OPTIMIZATION_LEVEL = "-Onone";
			};
			name = Debug;
		};
		6CDD4BF52B25210F00C6C324 /* Release */ = {
			isa = XCBuildConfiguration;
			baseConfigurationReference = 6CC430EA2B25DDE900ED3B6A /* Boostz.xcconfig */;
			buildSettings = {
				ALWAYS_SEARCH_USER_PATHS = NO;
				ASSETCATALOG_COMPILER_GENERATE_SWIFT_ASSET_SYMBOL_EXTENSIONS = YES;
				CLANG_ANALYZER_NONNULL = YES;
				CLANG_ANALYZER_NUMBER_OBJECT_CONVERSION = YES_AGGRESSIVE;
				CLANG_CXX_LANGUAGE_STANDARD = "gnu++20";
				CLANG_ENABLE_MODULES = YES;
				CLANG_ENABLE_OBJC_ARC = YES;
				CLANG_ENABLE_OBJC_WEAK = YES;
				CLANG_WARN_BLOCK_CAPTURE_AUTORELEASING = YES;
				CLANG_WARN_BOOL_CONVERSION = YES;
				CLANG_WARN_COMMA = YES;
				CLANG_WARN_CONSTANT_CONVERSION = YES;
				CLANG_WARN_DEPRECATED_OBJC_IMPLEMENTATIONS = YES;
				CLANG_WARN_DIRECT_OBJC_ISA_USAGE = YES_ERROR;
				CLANG_WARN_DOCUMENTATION_COMMENTS = YES;
				CLANG_WARN_EMPTY_BODY = YES;
				CLANG_WARN_ENUM_CONVERSION = YES;
				CLANG_WARN_INFINITE_RECURSION = YES;
				CLANG_WARN_INT_CONVERSION = YES;
				CLANG_WARN_NON_LITERAL_NULL_CONVERSION = YES;
				CLANG_WARN_OBJC_IMPLICIT_RETAIN_SELF = YES;
				CLANG_WARN_OBJC_LITERAL_CONVERSION = YES;
				CLANG_WARN_OBJC_ROOT_CLASS = YES_ERROR;
				CLANG_WARN_QUOTED_INCLUDE_IN_FRAMEWORK_HEADER = YES;
				CLANG_WARN_RANGE_LOOP_ANALYSIS = YES;
				CLANG_WARN_STRICT_PROTOTYPES = YES;
				CLANG_WARN_SUSPICIOUS_MOVE = YES;
				CLANG_WARN_UNGUARDED_AVAILABILITY = YES_AGGRESSIVE;
				CLANG_WARN_UNREACHABLE_CODE = YES;
				CLANG_WARN__DUPLICATE_METHOD_MATCH = YES;
				COPY_PHASE_STRIP = NO;
				DEBUG_INFORMATION_FORMAT = "dwarf-with-dsym";
				ENABLE_NS_ASSERTIONS = NO;
				ENABLE_STRICT_OBJC_MSGSEND = YES;
				ENABLE_USER_SCRIPT_SANDBOXING = YES;
				GCC_C_LANGUAGE_STANDARD = gnu17;
				GCC_NO_COMMON_BLOCKS = YES;
				GCC_WARN_64_TO_32_BIT_CONVERSION = YES;
				GCC_WARN_ABOUT_RETURN_TYPE = YES_ERROR;
				GCC_WARN_UNDECLARED_SELECTOR = YES;
				GCC_WARN_UNINITIALIZED_AUTOS = YES_AGGRESSIVE;
				GCC_WARN_UNUSED_FUNCTION = YES;
				GCC_WARN_UNUSED_VARIABLE = YES;
				IPHONEOS_DEPLOYMENT_TARGET = 17.0;
				LOCALIZATION_PREFERS_STRING_CATALOGS = YES;
				MTL_ENABLE_DEBUG_INFO = NO;
				MTL_FAST_MATH = YES;
				SDKROOT = iphoneos;
				SWIFT_COMPILATION_MODE = wholemodule;
				VALIDATE_PRODUCT = YES;
			};
			name = Release;
		};
		6CDD4BF72B25210F00C6C324 /* Debug */ = {
			isa = XCBuildConfiguration;
			buildSettings = {
				ASSETCATALOG_COMPILER_APPICON_NAME = AppIcon;
				ASSETCATALOG_COMPILER_GLOBAL_ACCENT_COLOR_NAME = AccentColor;
				BOOSTZ_ENV = DEVELOPMENT;
				CODE_SIGN_STYLE = Automatic;
				CURRENT_PROJECT_VERSION = 1;
				DEVELOPMENT_ASSET_PATHS = "\"Boostz/Preview Content\"";
				ENABLE_PREVIEWS = YES;
				GENERATE_INFOPLIST_FILE = YES;
				INFOPLIST_FILE = Boostz/System/Info.plist;
				INFOPLIST_KEY_UIApplicationSceneManifest_Generation = YES;
				INFOPLIST_KEY_UIApplicationSupportsIndirectInputEvents = YES;
				INFOPLIST_KEY_UILaunchScreen_Generation = YES;
				INFOPLIST_KEY_UISupportedInterfaceOrientations_iPad = "UIInterfaceOrientationPortrait UIInterfaceOrientationPortraitUpsideDown UIInterfaceOrientationLandscapeLeft UIInterfaceOrientationLandscapeRight";
				INFOPLIST_KEY_UISupportedInterfaceOrientations_iPhone = "UIInterfaceOrientationPortrait UIInterfaceOrientationLandscapeLeft UIInterfaceOrientationLandscapeRight";
				LD_RUNPATH_SEARCH_PATHS = (
					"$(inherited)",
					"@executable_path/Frameworks",
				);
				MARKETING_VERSION = 1.0;
				PRODUCT_NAME = "$(TARGET_NAME)";
				SUPPORTED_PLATFORMS = "iphoneos iphonesimulator";
				SUPPORTS_MACCATALYST = NO;
				SUPPORTS_MAC_DESIGNED_FOR_IPHONE_IPAD = NO;
				SWIFT_EMIT_LOC_STRINGS = YES;
				SWIFT_VERSION = 5.0;
				TARGETED_DEVICE_FAMILY = 1;
			};
			name = Debug;
		};
		6CDD4BF82B25210F00C6C324 /* Release */ = {
			isa = XCBuildConfiguration;
			buildSettings = {
				ASSETCATALOG_COMPILER_APPICON_NAME = AppIcon;
				ASSETCATALOG_COMPILER_GLOBAL_ACCENT_COLOR_NAME = AccentColor;
				BOOSTZ_ENV = PRODUCTION;
				CODE_SIGN_STYLE = Automatic;
				CURRENT_PROJECT_VERSION = 1;
				DEVELOPMENT_ASSET_PATHS = "\"Boostz/Preview Content\"";
				ENABLE_PREVIEWS = YES;
				GENERATE_INFOPLIST_FILE = YES;
				INFOPLIST_FILE = Boostz/System/Info.plist;
				INFOPLIST_KEY_UIApplicationSceneManifest_Generation = YES;
				INFOPLIST_KEY_UIApplicationSupportsIndirectInputEvents = YES;
				INFOPLIST_KEY_UILaunchScreen_Generation = YES;
				INFOPLIST_KEY_UISupportedInterfaceOrientations_iPad = "UIInterfaceOrientationPortrait UIInterfaceOrientationPortraitUpsideDown UIInterfaceOrientationLandscapeLeft UIInterfaceOrientationLandscapeRight";
				INFOPLIST_KEY_UISupportedInterfaceOrientations_iPhone = "UIInterfaceOrientationPortrait UIInterfaceOrientationLandscapeLeft UIInterfaceOrientationLandscapeRight";
				LD_RUNPATH_SEARCH_PATHS = (
					"$(inherited)",
					"@executable_path/Frameworks",
				);
				MARKETING_VERSION = 1.0;
				PRODUCT_NAME = "$(TARGET_NAME)";
				SUPPORTED_PLATFORMS = "iphoneos iphonesimulator";
				SUPPORTS_MACCATALYST = NO;
				SUPPORTS_MAC_DESIGNED_FOR_IPHONE_IPAD = NO;
				SWIFT_EMIT_LOC_STRINGS = YES;
				SWIFT_VERSION = 5.0;
				TARGETED_DEVICE_FAMILY = 1;
			};
			name = Release;
		};
/* End XCBuildConfiguration section */

/* Begin XCConfigurationList section */
		6CDD4BE32B25210E00C6C324 /* Build configuration list for PBXProject "Boostz" */ = {
			isa = XCConfigurationList;
			buildConfigurations = (
				6CDD4BF42B25210F00C6C324 /* Debug */,
				6CDD4BF52B25210F00C6C324 /* Release */,
			);
			defaultConfigurationIsVisible = 0;
			defaultConfigurationName = Release;
		};
		6CDD4BF62B25210F00C6C324 /* Build configuration list for PBXNativeTarget "Boostz" */ = {
			isa = XCConfigurationList;
			buildConfigurations = (
				6CDD4BF72B25210F00C6C324 /* Debug */,
				6CDD4BF82B25210F00C6C324 /* Release */,
			);
			defaultConfigurationIsVisible = 0;
			defaultConfigurationName = Release;
		};
/* End XCConfigurationList section */

/* Begin XCRemoteSwiftPackageReference section */
		6C387F372B4B4FDE00825603 /* XCRemoteSwiftPackageReference "AlbyKit" */ = {
			isa = XCRemoteSwiftPackageReference;
			repositoryURL = "https://github.com/SparrowTek/AlbyKit";
			requirement = {
				branch = main;
				kind = branch;
			};
		};
		6C73E5F62B3F0F3B0073C816 /* XCRemoteSwiftPackageReference "Vault" */ = {
			isa = XCRemoteSwiftPackageReference;
			repositoryURL = "https://github.com/SparrowTek/Vault";
			requirement = {
				kind = upToNextMajorVersion;
				minimumVersion = 1.1.1;
			};
		};
/* End XCRemoteSwiftPackageReference section */

/* Begin XCSwiftPackageProductDependency section */
		6C1D587D2B40DF380016DFF7 /* AlbyKit */ = {
			isa = XCSwiftPackageProductDependency;
			productName = AlbyKit;
		};
		6C387F382B4B4FDE00825603 /* AlbyKit */ = {
			isa = XCSwiftPackageProductDependency;
			package = 6C387F372B4B4FDE00825603 /* XCRemoteSwiftPackageReference "AlbyKit" */;
			productName = AlbyKit;
		};
		6C73E5F72B3F0F3B0073C816 /* Vault */ = {
			isa = XCSwiftPackageProductDependency;
			package = 6C73E5F62B3F0F3B0073C816 /* XCRemoteSwiftPackageReference "Vault" */;
			productName = Vault;
		};
		6C73E5FA2B3F0F8E0073C816 /* AlbyKit */ = {
			isa = XCSwiftPackageProductDependency;
			productName = AlbyKit;
		};
/* End XCSwiftPackageProductDependency section */
	};
	rootObject = 6CDD4BE02B25210E00C6C324 /* Project object */;
}
